
Microsoft Visual Studio Solution File, Format Version 12.00
# Visual Studio 14
VisualStudioVersion = 14.0.23107.0
MinimumVisualStudioVersion = 10.0.40219.1
Project("{FAE04EC0-301F-11D3-BF4B-00C04F79EFBC}") = "LendingLibrary.Web", "LendingLibrary.Web\LendingLibrary.Web.csproj", "{E565F80B-7A68-49BF-9D66-703C4CCB380D}"
EndProject
Project("{FAE04EC0-301F-11D3-BF4B-00C04F79EFBC}") = "LendingLibrary.Web.Tests", "LendingLibrary.Web.Tests\LendingLibrary.Web.Tests.csproj", "{D21E43D9-7D22-4FEE-B6C8-B2C6849598D8}"
EndProject
Global
	GlobalSection(SolutionConfigurationPlatforms) = preSolution
		Debug|Any CPU = Debug|Any CPU
		Release|Any CPU = Release|Any CPU
	EndGlobalSection
	GlobalSection(ProjectConfigurationPlatforms) = postSolution
		{E565F80B-7A68-49BF-9D66-703C4CCB380D}.Debug|Any CPU.ActiveCfg = Debug|Any CPU
		{E565F80B-7A68-49BF-9D66-703C4CCB380D}.Debug|Any CPU.Build.0 = Debug|Any CPU
		{E565F80B-7A68-49BF-9D66-703C4CCB380D}.Release|Any CPU.ActiveCfg = Release|Any CPU
		{E565F80B-7A68-49BF-9D66-703C4CCB380D}.Release|Any CPU.Build.0 = Release|Any CPU
		{D21E43D9-7D22-4FEE-B6C8-B2C6849598D8}.Debug|Any CPU.ActiveCfg = Debug|Any CPU
		{D21E43D9-7D22-4FEE-B6C8-B2C6849598D8}.Debug|Any CPU.Build.0 = Debug|Any CPU
		{D21E43D9-7D22-4FEE-B6C8-B2C6849598D8}.Release|Any CPU.ActiveCfg = Release|Any CPU
		{D21E43D9-7D22-4FEE-B6C8-B2C6849598D8}.Release|Any CPU.Build.0 = Release|Any CPU
	EndGlobalSection
	GlobalSection(SolutionProperties) = preSolution
		HideSolutionNode = FALSE
	EndGlobalSection
EndGlobal
