
Microsoft Visual Studio Solution File, Format Version 12.00
# Visual Studio 14
VisualStudioVersion = 14.0.23107.0
MinimumVisualStudioVersion = 10.0.40219.1
Project("{FAE04EC0-301F-11D3-BF4B-00C04F79EFBC}") = "LendingLibrary.Web", "LendingLibrary.Web\LendingLibrary.Web.csproj", "{E565F80B-7A68-49BF-9D66-703C4CCB380D}"
EndProject
Project("{FAE04EC0-301F-11D3-BF4B-00C04F79EFBC}") = "LendingLibrary.Web.Tests", "LendingLibrary.Web.Tests\LendingLibrary.Web.Tests.csproj", "{D21E43D9-7D22-4FEE-B6C8-B2C6849598D8}"
EndProject
Project("{FAE04EC0-301F-11D3-BF4B-00C04F79EFBC}") = "LendingLibrary.Models", "LendingLibrary.Models\LendingLibrary.Models.csproj", "{22BB60B2-2DEB-40E1-967E-4E98370B53C0}"
EndProject
Project("{FAE04EC0-301F-11D3-BF4B-00C04F79EFBC}") = "LendingLibrary.Model.Tests", "LendingLibrary.Model.Tests\LendingLibrary.Model.Tests.csproj", "{D5556FCE-5B49-4273-9800-E8096A53FD2F}"
EndProject
Project("{FAE04EC0-301F-11D3-BF4B-00C04F79EFBC}") = "LendingLibrary.DB", "LendingLibrary.DB\LendingLibrary.DB.csproj", "{55157C48-EDF3-4D04-920B-6EE9799F2AD9}"
EndProject
Project("{FAE04EC0-301F-11D3-BF4B-00C04F79EFBC}") = "LendingLibrary.Core", "LendingLibrary.Core\LendingLibrary.Core.csproj", "{F1C5D8F5-A291-4865-9BA4-E21341778021}"
EndProject
Global
	GlobalSection(SolutionConfigurationPlatforms) = preSolution
		Debug|Any CPU = Debug|Any CPU
		Release|Any CPU = Release|Any CPU
	EndGlobalSection
	GlobalSection(ProjectConfigurationPlatforms) = postSolution
		{E565F80B-7A68-49BF-9D66-703C4CCB380D}.Debug|Any CPU.ActiveCfg = Debug|Any CPU
		{E565F80B-7A68-49BF-9D66-703C4CCB380D}.Debug|Any CPU.Build.0 = Debug|Any CPU
		{E565F80B-7A68-49BF-9D66-703C4CCB380D}.Release|Any CPU.ActiveCfg = Release|Any CPU
		{E565F80B-7A68-49BF-9D66-703C4CCB380D}.Release|Any CPU.Build.0 = Release|Any CPU
		{D21E43D9-7D22-4FEE-B6C8-B2C6849598D8}.Debug|Any CPU.ActiveCfg = Debug|Any CPU
		{D21E43D9-7D22-4FEE-B6C8-B2C6849598D8}.Debug|Any CPU.Build.0 = Debug|Any CPU
		{D21E43D9-7D22-4FEE-B6C8-B2C6849598D8}.Release|Any CPU.ActiveCfg = Release|Any CPU
		{D21E43D9-7D22-4FEE-B6C8-B2C6849598D8}.Release|Any CPU.Build.0 = Release|Any CPU
		{22BB60B2-2DEB-40E1-967E-4E98370B53C0}.Debug|Any CPU.ActiveCfg = Debug|Any CPU
		{22BB60B2-2DEB-40E1-967E-4E98370B53C0}.Debug|Any CPU.Build.0 = Debug|Any CPU
		{22BB60B2-2DEB-40E1-967E-4E98370B53C0}.Release|Any CPU.ActiveCfg = Release|Any CPU
		{22BB60B2-2DEB-40E1-967E-4E98370B53C0}.Release|Any CPU.Build.0 = Release|Any CPU
		{D5556FCE-5B49-4273-9800-E8096A53FD2F}.Debug|Any CPU.ActiveCfg = Debug|Any CPU
		{D5556FCE-5B49-4273-9800-E8096A53FD2F}.Debug|Any CPU.Build.0 = Debug|Any CPU
		{D5556FCE-5B49-4273-9800-E8096A53FD2F}.Release|Any CPU.ActiveCfg = Release|Any CPU
		{D5556FCE-5B49-4273-9800-E8096A53FD2F}.Release|Any CPU.Build.0 = Release|Any CPU
		{55157C48-EDF3-4D04-920B-6EE9799F2AD9}.Debug|Any CPU.ActiveCfg = Debug|Any CPU
		{55157C48-EDF3-4D04-920B-6EE9799F2AD9}.Debug|Any CPU.Build.0 = Debug|Any CPU
		{55157C48-EDF3-4D04-920B-6EE9799F2AD9}.Release|Any CPU.ActiveCfg = Release|Any CPU
		{55157C48-EDF3-4D04-920B-6EE9799F2AD9}.Release|Any CPU.Build.0 = Release|Any CPU
		{F1C5D8F5-A291-4865-9BA4-E21341778021}.Debug|Any CPU.ActiveCfg = Debug|Any CPU
		{F1C5D8F5-A291-4865-9BA4-E21341778021}.Debug|Any CPU.Build.0 = Debug|Any CPU
		{F1C5D8F5-A291-4865-9BA4-E21341778021}.Release|Any CPU.ActiveCfg = Release|Any CPU
		{F1C5D8F5-A291-4865-9BA4-E21341778021}.Release|Any CPU.Build.0 = Release|Any CPU
	EndGlobalSection
	GlobalSection(SolutionProperties) = preSolution
		HideSolutionNode = FALSE
	EndGlobalSection
EndGlobal
